
Microsoft Visual Studio Solution File, Format Version 12.00
# Visual Studio Version 17
VisualStudioVersion = 17.11.35222.181
MinimumVisualStudioVersion = 10.0.40219.1
Project("{FAE04EC0-301F-11D3-BF4B-00C04F79EFBC}") = "RegistrosTecnicos1", "RegistrosTecnicos1.csproj", "{06EED5C5-EEB0-44FD-A840-EDBE14F4E282}"
EndProject
Global
	GlobalSection(SolutionConfigurationPlatforms) = preSolution
		Debug|Any CPU = Debug|Any CPU
		Release|Any CPU = Release|Any CPU
	EndGlobalSection
	GlobalSection(ProjectConfigurationPlatforms) = postSolution
		{06EED5C5-EEB0-44FD-A840-EDBE14F4E282}.Debug|Any CPU.ActiveCfg = Debug|Any CPU
		{06EED5C5-EEB0-44FD-A840-EDBE14F4E282}.Debug|Any CPU.Build.0 = Debug|Any CPU
		{06EED5C5-EEB0-44FD-A840-EDBE14F4E282}.Release|Any CPU.ActiveCfg = Release|Any CPU
		{06EED5C5-EEB0-44FD-A840-EDBE14F4E282}.Release|Any CPU.Build.0 = Release|Any CPU
	EndGlobalSection
	GlobalSection(SolutionProperties) = preSolution
		HideSolutionNode = FALSE
	EndGlobalSection
	GlobalSection(ExtensibilityGlobals) = postSolution
		SolutionGuid = {E41907CE-47B5-4B61-8FE0-3B89F3791E24}
	EndGlobalSection
EndGlobal
